
Microsoft Visual Studio Solution File, Format Version 12.00
# Visual Studio 15
VisualStudioVersion = 15.0.27703.2047
MinimumVisualStudioVersion = 10.0.40219.1
Project("{FAE04EC0-301F-11D3-BF4B-00C04F79EFBC}") = "LabManagement", "LabManagement\LabManagement.csproj", "{23FC91E4-9848-4D09-B84A-4620360F87FD}"
EndProject
Global
	GlobalSection(SolutionConfigurationPlatforms) = preSolution
		Debug|Any CPU = Debug|Any CPU
		Release|Any CPU = Release|Any CPU
	EndGlobalSection
	GlobalSection(ProjectConfigurationPlatforms) = postSolution
		{23FC91E4-9848-4D09-B84A-4620360F87FD}.Debug|Any CPU.ActiveCfg = Debug|Any CPU
		{23FC91E4-9848-4D09-B84A-4620360F87FD}.Debug|Any CPU.Build.0 = Debug|Any CPU
		{23FC91E4-9848-4D09-B84A-4620360F87FD}.Release|Any CPU.ActiveCfg = Release|Any CPU
		{23FC91E4-9848-4D09-B84A-4620360F87FD}.Release|Any CPU.Build.0 = Release|Any CPU
	EndGlobalSection
	GlobalSection(SolutionProperties) = preSolution
		HideSolutionNode = FALSE
	EndGlobalSection
	GlobalSection(ExtensibilityGlobals) = postSolution
		SolutionGuid = {EC0CBD06-C371-4B06-AF6C-0B375CD4DDE8}
	EndGlobalSection
EndGlobal
